
Microsoft Visual Studio Solution File, Format Version 12.00
# Visual Studio 15
VisualStudioVersion = 15.0.28307.489
MinimumVisualStudioVersion = 10.0.40219.1
Project("{FAE04EC0-301F-11D3-BF4B-00C04F79EFBC}") = "startPage", "startPage\startPage.csproj", "{32A21A3F-E6E7-4B1A-90C5-3BA8B0A64A8B}"
EndProject
Global
	GlobalSection(SolutionConfigurationPlatforms) = preSolution
		Debug|Any CPU = Debug|Any CPU
		Release|Any CPU = Release|Any CPU
	EndGlobalSection
	GlobalSection(ProjectConfigurationPlatforms) = postSolution
		{32A21A3F-E6E7-4B1A-90C5-3BA8B0A64A8B}.Debug|Any CPU.ActiveCfg = Debug|Any CPU
		{32A21A3F-E6E7-4B1A-90C5-3BA8B0A64A8B}.Debug|Any CPU.Build.0 = Debug|Any CPU
		{32A21A3F-E6E7-4B1A-90C5-3BA8B0A64A8B}.Release|Any CPU.ActiveCfg = Release|Any CPU
		{32A21A3F-E6E7-4B1A-90C5-3BA8B0A64A8B}.Release|Any CPU.Build.0 = Release|Any CPU
	EndGlobalSection
	GlobalSection(SolutionProperties) = preSolution
		HideSolutionNode = FALSE
	EndGlobalSection
	GlobalSection(ExtensibilityGlobals) = postSolution
		SolutionGuid = {56DFF882-8D5D-423A-912C-02012765F9B5}
	EndGlobalSection
EndGlobal
